<?xml version="1.0" encoding="utf-8"?>
<Project ToolsVersion="4.0" xmlns="http://schemas.microsoft.com/developer/msbuild/2003">
  <ItemGroup>
    <Filter Include="Source Files">
      <UniqueIdentifier>{4FC737F1-C7A5-4376-A066-2A32D752A2FF}</UniqueIdentifier>
      <Extensions>cpp;c;cc;cxx;def;odl;idl;hpj;bat;asm;asmx</Extensions>
    </Filter>
    <Filter Include="Header Files">
      <UniqueIdentifier>{93995380-89BD-4b04-88EB-625FBE52EBFB}</UniqueIdentifier>
      <Extensions>h;hpp;hxx;hm;inl;inc;xsd</Extensions>
    </Filter>
    <Filter Include="Resource Files">
      <UniqueIdentifier>{67DA6AB6-F800-4c08-8B7A-83BB121AAD01}</UniqueIdentifier>
      <Extensions>rc;ico;cur;bmp;dlg;rc2;rct;bin;rgs;gif;jpg;jpeg;jpe;resx;tiff;tif;png;wav;mfcribbon-ms</Extensions>
    </Filter>
    <Filter Include="Driver Files">
      <UniqueIdentifier>{8E41214B-6785-4CFE-B992-037D68949A14}</UniqueIdentifier>
      <Extensions>inf;inv;inx;mof;mc;</Extensions>
    </Filter>
    <Filter Include="SSDT">
      <UniqueIdentifier>{b83e1d77-3fc4-4f1a-923e-3094df5564f2}</UniqueIdentifier>
    </Filter>
    <Filter Include="AutoArray">
      <UniqueIdentifier>{b79a0a54-0c2d-4116-b782-bfdd11e96316}</UniqueIdentifier>
    </Filter>
    <Filter Include="Util">
      <UniqueIdentifier>{dedfb2ce-4a16-410a-af3b-b9315e890216}</UniqueIdentifier>
    </Filter>
  </ItemGroup>
  <ItemGroup>
    <ClCompile Include="DriverEntry.c">
      <Filter>Source Files</Filter>
    </ClCompile>
    <ClCompile Include="DeviceSymbol.c">
      <Filter>Source Files</Filter>
    </ClCompile>
    <ClCompile Include="IRP.c">
      <Filter>Source Files</Filter>
    </ClCompile>
    <ClCompile Include="SSDTHook.c">
      <Filter>SSDT</Filter>
    </ClCompile>
    <ClCompile Include="AutoArray\AutoArray.c">
      <Filter>AutoArray</Filter>
    </ClCompile>
    <ClCompile Include="HUtil.c">
      <Filter>Util</Filter>
    </ClCompile>
  </ItemGroup>
  <ItemGroup>
    <ClInclude Include="Hell.h">
      <Filter>Header Files</Filter>
    </ClInclude>
    <ClInclude Include="Common.h">
      <Filter>Header Files</Filter>
    </ClInclude>
    <ClInclude Include="SSDTHook.h">
      <Filter>SSDT</Filter>
    </ClInclude>
    <ClInclude Include="AutoArray\AutoArray.h">
      <Filter>AutoArray</Filter>
    </ClInclude>
    <ClInclude Include="HUtil.h">
      <Filter>Util</Filter>
    </ClInclude>
  </ItemGroup>
</Project>